// !$*UTF8*$!
{
	archiveVersion = 1;
	classes = {
	};
	objectVersion = 51;
	objects = {

/* Begin PBXBuildFile section */
		313CCACD1B2C55B4E3A18FE3 /* Pods_AppHackathon.framework in Frameworks */ = {isa = PBXBuildFile; fileRef = DF1D58C31F6D9026A8521D1D /* Pods_AppHackathon.framework */; };
		391474382496A95000164900 /* Comment.swift in Sources */ = {isa = PBXBuildFile; fileRef = 391474372496A95000164900 /* Comment.swift */; };
		3914743A2496BCD600164900 /* Model.swift in Sources */ = {isa = PBXBuildFile; fileRef = 391474392496BCD600164900 /* Model.swift */; };
		3939D6ED2496899400652B0D /* Address.swift in Sources */ = {isa = PBXBuildFile; fileRef = 3939D6EC2496899400652B0D /* Address.swift */; };
		3939D6F324969B8200652B0D /* HighwaySearch.swift in Sources */ = {isa = PBXBuildFile; fileRef = 3939D6F224969B8200652B0D /* HighwaySearch.swift */; };
		3939D6F524969C1900652B0D /* SearchItem.swift in Sources */ = {isa = PBXBuildFile; fileRef = 3939D6F424969C1900652B0D /* SearchItem.swift */; };
		3939D6F924969F2A00652B0D /* SearchForm.swift in Sources */ = {isa = PBXBuildFile; fileRef = 3939D6F824969F2A00652B0D /* SearchForm.swift */; };
		394920DB2495B85E008D6DAD /* Locais.storyboard in Resources */ = {isa = PBXBuildFile; fileRef = 394920D92495B85E008D6DAD /* Locais.storyboard */; };
		394920DF2495BD3C008D6DAD /* Cupons.storyboard in Resources */ = {isa = PBXBuildFile; fileRef = 394920DD2495BD3C008D6DAD /* Cupons.storyboard */; };
		394920E12495C662008D6DAD /* LocaisViewController.swift in Sources */ = {isa = PBXBuildFile; fileRef = 394920E02495C662008D6DAD /* LocaisViewController.swift */; };
		394920E9249672D8008D6DAD /* Trucker.swift in Sources */ = {isa = PBXBuildFile; fileRef = 394920E8249672D8008D6DAD /* Trucker.swift */; };
		394920EB24967311008D6DAD /* Place.swift in Sources */ = {isa = PBXBuildFile; fileRef = 394920EA24967311008D6DAD /* Place.swift */; };
		394920ED24967322008D6DAD /* Coupon.swift in Sources */ = {isa = PBXBuildFile; fileRef = 394920EC24967322008D6DAD /* Coupon.swift */; };
		394920EF2496744F008D6DAD /* Wallet.swift in Sources */ = {isa = PBXBuildFile; fileRef = 394920EE2496744F008D6DAD /* Wallet.swift */; };
		394920F124967555008D6DAD /* Search.swift in Sources */ = {isa = PBXBuildFile; fileRef = 394920F024967555008D6DAD /* Search.swift */; };
		399144D52495A6FC006AB959 /* AppDelegate.swift in Sources */ = {isa = PBXBuildFile; fileRef = 399144D42495A6FC006AB959 /* AppDelegate.swift */; };
		399144D72495A6FC006AB959 /* SceneDelegate.swift in Sources */ = {isa = PBXBuildFile; fileRef = 399144D62495A6FC006AB959 /* SceneDelegate.swift */; };
		399144D92495A6FC006AB959 /* ViewController.swift in Sources */ = {isa = PBXBuildFile; fileRef = 399144D82495A6FC006AB959 /* ViewController.swift */; };
		399144DC2495A6FC006AB959 /* Main.storyboard in Resources */ = {isa = PBXBuildFile; fileRef = 399144DA2495A6FC006AB959 /* Main.storyboard */; };
		399144DE2495A6FD006AB959 /* Assets.xcassets in Resources */ = {isa = PBXBuildFile; fileRef = 399144DD2495A6FD006AB959 /* Assets.xcassets */; };
		399144E12495A6FD006AB959 /* LaunchScreen.storyboard in Resources */ = {isa = PBXBuildFile; fileRef = 399144DF2495A6FD006AB959 /* LaunchScreen.storyboard */; };
		39B81C472495AC5700C1A254 /* GoogleService-Info.plist in Resources */ = {isa = PBXBuildFile; fileRef = 39B81C462495AC5700C1A254 /* GoogleService-Info.plist */; };
/* End PBXBuildFile section */

/* Begin PBXFileReference section */
		391474372496A95000164900 /* Comment.swift */ = {isa = PBXFileReference; lastKnownFileType = sourcecode.swift; path = Comment.swift; sourceTree = "<group>"; };
		391474392496BCD600164900 /* Model.swift */ = {isa = PBXFileReference; lastKnownFileType = sourcecode.swift; path = Model.swift; sourceTree = "<group>"; };
		3939D6EC2496899400652B0D /* Address.swift */ = {isa = PBXFileReference; lastKnownFileType = sourcecode.swift; path = Address.swift; sourceTree = "<group>"; };
		3939D6F224969B8200652B0D /* HighwaySearch.swift */ = {isa = PBXFileReference; lastKnownFileType = sourcecode.swift; path = HighwaySearch.swift; sourceTree = "<group>"; };
		3939D6F424969C1900652B0D /* SearchItem.swift */ = {isa = PBXFileReference; lastKnownFileType = sourcecode.swift; path = SearchItem.swift; sourceTree = "<group>"; };
		3939D6F824969F2A00652B0D /* SearchForm.swift */ = {isa = PBXFileReference; lastKnownFileType = sourcecode.swift; path = SearchForm.swift; sourceTree = "<group>"; };
		394920DA2495B85E008D6DAD /* Base */ = {isa = PBXFileReference; lastKnownFileType = file.storyboard; name = Base; path = Base.lproj/Locais.storyboard; sourceTree = "<group>"; };
		394920DE2495BD3C008D6DAD /* Base */ = {isa = PBXFileReference; lastKnownFileType = file.storyboard; name = Base; path = Base.lproj/Cupons.storyboard; sourceTree = "<group>"; };
		394920E02495C662008D6DAD /* LocaisViewController.swift */ = {isa = PBXFileReference; lastKnownFileType = sourcecode.swift; path = LocaisViewController.swift; sourceTree = "<group>"; };
		394920E8249672D8008D6DAD /* Trucker.swift */ = {isa = PBXFileReference; lastKnownFileType = sourcecode.swift; path = Trucker.swift; sourceTree = "<group>"; };
		394920EA24967311008D6DAD /* Place.swift */ = {isa = PBXFileReference; lastKnownFileType = sourcecode.swift; path = Place.swift; sourceTree = "<group>"; };
		394920EC24967322008D6DAD /* Coupon.swift */ = {isa = PBXFileReference; lastKnownFileType = sourcecode.swift; path = Coupon.swift; sourceTree = "<group>"; };
		394920EE2496744F008D6DAD /* Wallet.swift */ = {isa = PBXFileReference; lastKnownFileType = sourcecode.swift; path = Wallet.swift; sourceTree = "<group>"; };
		394920F024967555008D6DAD /* Search.swift */ = {isa = PBXFileReference; lastKnownFileType = sourcecode.swift; path = Search.swift; sourceTree = "<group>"; };
		399144D12495A6FC006AB959 /* AppHackathon.app */ = {isa = PBXFileReference; explicitFileType = wrapper.application; includeInIndex = 0; path = AppHackathon.app; sourceTree = BUILT_PRODUCTS_DIR; };
		399144D42495A6FC006AB959 /* AppDelegate.swift */ = {isa = PBXFileReference; lastKnownFileType = sourcecode.swift; path = AppDelegate.swift; sourceTree = "<group>"; };
		399144D62495A6FC006AB959 /* SceneDelegate.swift */ = {isa = PBXFileReference; lastKnownFileType = sourcecode.swift; path = SceneDelegate.swift; sourceTree = "<group>"; };
		399144D82495A6FC006AB959 /* ViewController.swift */ = {isa = PBXFileReference; lastKnownFileType = sourcecode.swift; path = ViewController.swift; sourceTree = "<group>"; };
		399144DB2495A6FC006AB959 /* Base */ = {isa = PBXFileReference; lastKnownFileType = file.storyboard; name = Base; path = Base.lproj/Main.storyboard; sourceTree = "<group>"; };
		399144DD2495A6FD006AB959 /* Assets.xcassets */ = {isa = PBXFileReference; lastKnownFileType = folder.assetcatalog; path = Assets.xcassets; sourceTree = "<group>"; };
		399144E02495A6FD006AB959 /* Base */ = {isa = PBXFileReference; lastKnownFileType = file.storyboard; name = Base; path = Base.lproj/LaunchScreen.storyboard; sourceTree = "<group>"; };
		399144E22495A6FD006AB959 /* Info.plist */ = {isa = PBXFileReference; lastKnownFileType = text.plist.xml; path = Info.plist; sourceTree = "<group>"; };
		39B81C462495AC5700C1A254 /* GoogleService-Info.plist */ = {isa = PBXFileReference; fileEncoding = 4; lastKnownFileType = text.plist.xml; path = "GoogleService-Info.plist"; sourceTree = "<group>"; };
		616F0863302B0D9B4FACCC49 /* Pods-AppHackathon.debug.xcconfig */ = {isa = PBXFileReference; includeInIndex = 1; lastKnownFileType = text.xcconfig; name = "Pods-AppHackathon.debug.xcconfig"; path = "Target Support Files/Pods-AppHackathon/Pods-AppHackathon.debug.xcconfig"; sourceTree = "<group>"; };
		DF1D58C31F6D9026A8521D1D /* Pods_AppHackathon.framework */ = {isa = PBXFileReference; explicitFileType = wrapper.framework; includeInIndex = 0; path = Pods_AppHackathon.framework; sourceTree = BUILT_PRODUCTS_DIR; };
		E71DC49DC56DB813475204C7 /* Pods-AppHackathon.release.xcconfig */ = {isa = PBXFileReference; includeInIndex = 1; lastKnownFileType = text.xcconfig; name = "Pods-AppHackathon.release.xcconfig"; path = "Target Support Files/Pods-AppHackathon/Pods-AppHackathon.release.xcconfig"; sourceTree = "<group>"; };
/* End PBXFileReference section */

/* Begin PBXFrameworksBuildPhase section */
		399144CE2495A6FC006AB959 /* Frameworks */ = {
			isa = PBXFrameworksBuildPhase;
			buildActionMask = 2147483647;
			files = (
				313CCACD1B2C55B4E3A18FE3 /* Pods_AppHackathon.framework in Frameworks */,
			);
			runOnlyForDeploymentPostprocessing = 0;
		};
/* End PBXFrameworksBuildPhase section */

/* Begin PBXGroup section */
		192B0DFBE74E8645B4B13A7D /* Pods */ = {
			isa = PBXGroup;
			children = (
				616F0863302B0D9B4FACCC49 /* Pods-AppHackathon.debug.xcconfig */,
				E71DC49DC56DB813475204C7 /* Pods-AppHackathon.release.xcconfig */,
			);
			path = Pods;
			sourceTree = "<group>";
		};
		399144C82495A6FC006AB959 = {
			isa = PBXGroup;
			children = (
				399144D32495A6FC006AB959 /* AppHackathon */,
				399144D22495A6FC006AB959 /* Products */,
				192B0DFBE74E8645B4B13A7D /* Pods */,
				578A17C85DFAF06C735E30AA /* Frameworks */,
			);
			sourceTree = "<group>";
		};
		399144D22495A6FC006AB959 /* Products */ = {
			isa = PBXGroup;
			children = (
				399144D12495A6FC006AB959 /* AppHackathon.app */,
			);
			name = Products;
			sourceTree = "<group>";
		};
		399144D32495A6FC006AB959 /* AppHackathon */ = {
			isa = PBXGroup;
			children = (
				399144EF2495AA9E006AB959 /* Model */,
				399144EE2495AA9A006AB959 /* View */,
				399144ED2495AA93006AB959 /* Controller */,
				399144D42495A6FC006AB959 /* AppDelegate.swift */,
				399144D62495A6FC006AB959 /* SceneDelegate.swift */,
				39B81C462495AC5700C1A254 /* GoogleService-Info.plist */,
				399144E22495A6FD006AB959 /* Info.plist */,
			);
			path = AppHackathon;
			sourceTree = "<group>";
		};
		399144ED2495AA93006AB959 /* Controller */ = {
			isa = PBXGroup;
			children = (
				399144D82495A6FC006AB959 /* ViewController.swift */,
				394920E02495C662008D6DAD /* LocaisViewController.swift */,
			);
			path = Controller;
			sourceTree = "<group>";
		};
		399144EE2495AA9A006AB959 /* View */ = {
			isa = PBXGroup;
			children = (
				399144DD2495A6FD006AB959 /* Assets.xcassets */,
				394920D92495B85E008D6DAD /* Locais.storyboard */,
				394920DD2495BD3C008D6DAD /* Cupons.storyboard */,
				399144DF2495A6FD006AB959 /* LaunchScreen.storyboard */,
				399144DA2495A6FC006AB959 /* Main.storyboard */,
			);
			path = View;
			sourceTree = "<group>";
		};
		399144EF2495AA9E006AB959 /* Model */ = {
			isa = PBXGroup;
			children = (
				394920E8249672D8008D6DAD /* Trucker.swift */,
				394920EA24967311008D6DAD /* Place.swift */,
				394920EC24967322008D6DAD /* Coupon.swift */,
				394920EE2496744F008D6DAD /* Wallet.swift */,
				3939D6F224969B8200652B0D /* HighwaySearch.swift */,
				3939D6EC2496899400652B0D /* Address.swift */,
				394920F024967555008D6DAD /* Search.swift */,
				3939D6F424969C1900652B0D /* SearchItem.swift */,
				3939D6F824969F2A00652B0D /* SearchForm.swift */,
				391474372496A95000164900 /* Comment.swift */,
				391474392496BCD600164900 /* Model.swift */,
			);
			path = Model;
			sourceTree = "<group>";
		};
		578A17C85DFAF06C735E30AA /* Frameworks */ = {
			isa = PBXGroup;
			children = (
				DF1D58C31F6D9026A8521D1D /* Pods_AppHackathon.framework */,
			);
			name = Frameworks;
			sourceTree = "<group>";
		};
/* End PBXGroup section */

/* Begin PBXNativeTarget section */
		399144D02495A6FC006AB959 /* AppHackathon */ = {
			isa = PBXNativeTarget;
			buildConfigurationList = 399144E52495A6FD006AB959 /* Build configuration list for PBXNativeTarget "AppHackathon" */;
			buildPhases = (
				8300FAE290259209DF51F41A /* [CP] Check Pods Manifest.lock */,
				399144CD2495A6FC006AB959 /* Sources */,
				399144CE2495A6FC006AB959 /* Frameworks */,
				399144CF2495A6FC006AB959 /* Resources */,
				CF77E0C76AC289BA86CD1961 /* [CP] Embed Pods Frameworks */,
			);
			buildRules = (
			);
			dependencies = (
			);
			name = AppHackathon;
			productName = AppHackathon;
			productReference = 399144D12495A6FC006AB959 /* AppHackathon.app */;
			productType = "com.apple.product-type.application";
		};
/* End PBXNativeTarget section */

/* Begin PBXProject section */
		399144C92495A6FC006AB959 /* Project object */ = {
			isa = PBXProject;
			attributes = {
				LastSwiftUpdateCheck = 1150;
				LastUpgradeCheck = 1150;
				ORGANIZATIONNAME = "José Guilherme Bestel";
				TargetAttributes = {
					399144D02495A6FC006AB959 = {
						CreatedOnToolsVersion = 11.5;
					};
				};
			};
			buildConfigurationList = 399144CC2495A6FC006AB959 /* Build configuration list for PBXProject "AppHackathon" */;
			compatibilityVersion = "Xcode 9.3";
			developmentRegion = en;
			hasScannedForEncodings = 0;
			knownRegions = (
				en,
				Base,
			);
			mainGroup = 399144C82495A6FC006AB959;
			productRefGroup = 399144D22495A6FC006AB959 /* Products */;
			projectDirPath = "";
			projectRoot = "";
			targets = (
				399144D02495A6FC006AB959 /* AppHackathon */,
			);
		};
/* End PBXProject section */

/* Begin PBXResourcesBuildPhase section */
		399144CF2495A6FC006AB959 /* Resources */ = {
			isa = PBXResourcesBuildPhase;
			buildActionMask = 2147483647;
			files = (
				394920DF2495BD3C008D6DAD /* Cupons.storyboard in Resources */,
				399144E12495A6FD006AB959 /* LaunchScreen.storyboard in Resources */,
				394920DB2495B85E008D6DAD /* Locais.storyboard in Resources */,
				399144DE2495A6FD006AB959 /* Assets.xcassets in Resources */,
				399144DC2495A6FC006AB959 /* Main.storyboard in Resources */,
				39B81C472495AC5700C1A254 /* GoogleService-Info.plist in Resources */,
			);
			runOnlyForDeploymentPostprocessing = 0;
		};
/* End PBXResourcesBuildPhase section */

/* Begin PBXShellScriptBuildPhase section */
		8300FAE290259209DF51F41A /* [CP] Check Pods Manifest.lock */ = {
			isa = PBXShellScriptBuildPhase;
			buildActionMask = 2147483647;
			files = (
			);
			inputFileListPaths = (
			);
			inputPaths = (
				"${PODS_PODFILE_DIR_PATH}/Podfile.lock",
				"${PODS_ROOT}/Manifest.lock",
			);
			name = "[CP] Check Pods Manifest.lock";
			outputFileListPaths = (
			);
			outputPaths = (
				"$(DERIVED_FILE_DIR)/Pods-AppHackathon-checkManifestLockResult.txt",
			);
			runOnlyForDeploymentPostprocessing = 0;
			shellPath = /bin/sh;
			shellScript = "diff \"${PODS_PODFILE_DIR_PATH}/Podfile.lock\" \"${PODS_ROOT}/Manifest.lock\" > /dev/null\nif [ $? != 0 ] ; then\n    # print error to STDERR\n    echo \"error: The sandbox is not in sync with the Podfile.lock. Run 'pod install' or update your CocoaPods installation.\" >&2\n    exit 1\nfi\n# This output is used by Xcode 'outputs' to avoid re-running this script phase.\necho \"SUCCESS\" > \"${SCRIPT_OUTPUT_FILE_0}\"\n";
			showEnvVarsInLog = 0;
		};
		CF77E0C76AC289BA86CD1961 /* [CP] Embed Pods Frameworks */ = {
			isa = PBXShellScriptBuildPhase;
			buildActionMask = 2147483647;
			files = (
			);
			inputFileListPaths = (
				"${PODS_ROOT}/Target Support Files/Pods-AppHackathon/Pods-AppHackathon-frameworks-${CONFIGURATION}-input-files.xcfilelist",
			);
			name = "[CP] Embed Pods Frameworks";
			outputFileListPaths = (
				"${PODS_ROOT}/Target Support Files/Pods-AppHackathon/Pods-AppHackathon-frameworks-${CONFIGURATION}-output-files.xcfilelist",
			);
			runOnlyForDeploymentPostprocessing = 0;
			shellPath = /bin/sh;
			shellScript = "\"${PODS_ROOT}/Target Support Files/Pods-AppHackathon/Pods-AppHackathon-frameworks.sh\"\n";
			showEnvVarsInLog = 0;
		};
/* End PBXShellScriptBuildPhase section */

/* Begin PBXSourcesBuildPhase section */
		399144CD2495A6FC006AB959 /* Sources */ = {
			isa = PBXSourcesBuildPhase;
			buildActionMask = 2147483647;
			files = (
				3914743A2496BCD600164900 /* Model.swift in Sources */,
				394920E9249672D8008D6DAD /* Trucker.swift in Sources */,
				3939D6F524969C1900652B0D /* SearchItem.swift in Sources */,
				399144D92495A6FC006AB959 /* ViewController.swift in Sources */,
				394920ED24967322008D6DAD /* Coupon.swift in Sources */,
				399144D52495A6FC006AB959 /* AppDelegate.swift in Sources */,
				3939D6F324969B8200652B0D /* HighwaySearch.swift in Sources */,
				399144D72495A6FC006AB959 /* SceneDelegate.swift in Sources */,
				394920EF2496744F008D6DAD /* Wallet.swift in Sources */,
				394920F124967555008D6DAD /* Search.swift in Sources */,
				391474382496A95000164900 /* Comment.swift in Sources */,
				3939D6ED2496899400652B0D /* Address.swift in Sources */,
				3939D6F924969F2A00652B0D /* SearchForm.swift in Sources */,
				394920EB24967311008D6DAD /* Place.swift in Sources */,
				394920E12495C662008D6DAD /* LocaisViewController.swift in Sources */,
			);
			runOnlyForDeploymentPostprocessing = 0;
		};
/* End PBXSourcesBuildPhase section */

/* Begin PBXVariantGroup section */
		394920D92495B85E008D6DAD /* Locais.storyboard */ = {
			isa = PBXVariantGroup;
			children = (
				394920DA2495B85E008D6DAD /* Base */,
			);
			name = Locais.storyboard;
			sourceTree = "<group>";
		};
		394920DD2495BD3C008D6DAD /* Cupons.storyboard */ = {
			isa = PBXVariantGroup;
			children = (
				394920DE2495BD3C008D6DAD /* Base */,
			);
			name = Cupons.storyboard;
			sourceTree = "<group>";
		};
		399144DA2495A6FC006AB959 /* Main.storyboard */ = {
			isa = PBXVariantGroup;
			children = (
				399144DB2495A6FC006AB959 /* Base */,
			);
			name = Main.storyboard;
			sourceTree = "<group>";
		};
		399144DF2495A6FD006AB959 /* LaunchScreen.storyboard */ = {
			isa = PBXVariantGroup;
			children = (
				399144E02495A6FD006AB959 /* Base */,
			);
			name = LaunchScreen.storyboard;
			sourceTree = "<group>";
		};
/* End PBXVariantGroup section */

/* Begin XCBuildConfiguration section */
		399144E32495A6FD006AB959 /* Debug */ = {
			isa = XCBuildConfiguration;
			buildSettings = {
				ALWAYS_SEARCH_USER_PATHS = NO;
				CLANG_ANALYZER_NONNULL = YES;
				CLANG_ANALYZER_NUMBER_OBJECT_CONVERSION = YES_AGGRESSIVE;
				CLANG_CXX_LANGUAGE_STANDARD = "gnu++14";
				CLANG_CXX_LIBRARY = "libc++";
				CLANG_ENABLE_MODULES = YES;
				CLANG_ENABLE_OBJC_ARC = YES;
				CLANG_ENABLE_OBJC_WEAK = YES;
				CLANG_WARN_BLOCK_CAPTURE_AUTORELEASING = YES;
				CLANG_WARN_BOOL_CONVERSION = YES;
				CLANG_WARN_COMMA = YES;
				CLANG_WARN_CONSTANT_CONVERSION = YES;
				CLANG_WARN_DEPRECATED_OBJC_IMPLEMENTATIONS = YES;
				CLANG_WARN_DIRECT_OBJC_ISA_USAGE = YES_ERROR;
				CLANG_WARN_DOCUMENTATION_COMMENTS = YES;
				CLANG_WARN_EMPTY_BODY = YES;
				CLANG_WARN_ENUM_CONVERSION = YES;
				CLANG_WARN_INFINITE_RECURSION = YES;
				CLANG_WARN_INT_CONVERSION = YES;
				CLANG_WARN_NON_LITERAL_NULL_CONVERSION = YES;
				CLANG_WARN_OBJC_IMPLICIT_RETAIN_SELF = YES;
				CLANG_WARN_OBJC_LITERAL_CONVERSION = YES;
				CLANG_WARN_OBJC_ROOT_CLASS = YES_ERROR;
				CLANG_WARN_RANGE_LOOP_ANALYSIS = YES;
				CLANG_WARN_STRICT_PROTOTYPES = YES;
				CLANG_WARN_SUSPICIOUS_MOVE = YES;
				CLANG_WARN_UNGUARDED_AVAILABILITY = YES_AGGRESSIVE;
				CLANG_WARN_UNREACHABLE_CODE = YES;
				CLANG_WARN__DUPLICATE_METHOD_MATCH = YES;
				COPY_PHASE_STRIP = NO;
				DEBUG_INFORMATION_FORMAT = dwarf;
				DEVELOPMENT_TEAM = GUL3CPS6RX;
				ENABLE_STRICT_OBJC_MSGSEND = YES;
				ENABLE_TESTABILITY = YES;
				GCC_C_LANGUAGE_STANDARD = gnu11;
				GCC_DYNAMIC_NO_PIC = NO;
				GCC_NO_COMMON_BLOCKS = YES;
				GCC_OPTIMIZATION_LEVEL = 0;
				GCC_PREPROCESSOR_DEFINITIONS = (
					"DEBUG=1",
					"$(inherited)",
				);
				GCC_WARN_64_TO_32_BIT_CONVERSION = YES;
				GCC_WARN_ABOUT_RETURN_TYPE = YES_ERROR;
				GCC_WARN_UNDECLARED_SELECTOR = YES;
				GCC_WARN_UNINITIALIZED_AUTOS = YES_AGGRESSIVE;
				GCC_WARN_UNUSED_FUNCTION = YES;
				GCC_WARN_UNUSED_VARIABLE = YES;
				IPHONEOS_DEPLOYMENT_TARGET = 13.5;
				MTL_ENABLE_DEBUG_INFO = INCLUDE_SOURCE;
				MTL_FAST_MATH = YES;
				ONLY_ACTIVE_ARCH = YES;
				SDKROOT = iphoneos;
				SWIFT_ACTIVE_COMPILATION_CONDITIONS = DEBUG;
				SWIFT_OPTIMIZATION_LEVEL = "-Onone";
			};
			name = Debug;
		};
		399144E42495A6FD006AB959 /* Release */ = {
			isa = XCBuildConfiguration;
			buildSettings = {
				ALWAYS_SEARCH_USER_PATHS = NO;
				CLANG_ANALYZER_NONNULL = YES;
				CLANG_ANALYZER_NUMBER_OBJECT_CONVERSION = YES_AGGRESSIVE;
				CLANG_CXX_LANGUAGE_STANDARD = "gnu++14";
				CLANG_CXX_LIBRARY = "libc++";
				CLANG_ENABLE_MODULES = YES;
				CLANG_ENABLE_OBJC_ARC = YES;
				CLANG_ENABLE_OBJC_WEAK = YES;
				CLANG_WARN_BLOCK_CAPTURE_AUTORELEASING = YES;
				CLANG_WARN_BOOL_CONVERSION = YES;
				CLANG_WARN_COMMA = YES;
				CLANG_WARN_CONSTANT_CONVERSION = YES;
				CLANG_WARN_DEPRECATED_OBJC_IMPLEMENTATIONS = YES;
				CLANG_WARN_DIRECT_OBJC_ISA_USAGE = YES_ERROR;
				CLANG_WARN_DOCUMENTATION_COMMENTS = YES;
				CLANG_WARN_EMPTY_BODY = YES;
				CLANG_WARN_ENUM_CONVERSION = YES;
				CLANG_WARN_INFINITE_RECURSION = YES;
				CLANG_WARN_INT_CONVERSION = YES;
				CLANG_WARN_NON_LITERAL_NULL_CONVERSION = YES;
				CLANG_WARN_OBJC_IMPLICIT_RETAIN_SELF = YES;
				CLANG_WARN_OBJC_LITERAL_CONVERSION = YES;
				CLANG_WARN_OBJC_ROOT_CLASS = YES_ERROR;
				CLANG_WARN_RANGE_LOOP_ANALYSIS = YES;
				CLANG_WARN_STRICT_PROTOTYPES = YES;
				CLANG_WARN_SUSPICIOUS_MOVE = YES;
				CLANG_WARN_UNGUARDED_AVAILABILITY = YES_AGGRESSIVE;
				CLANG_WARN_UNREACHABLE_CODE = YES;
				CLANG_WARN__DUPLICATE_METHOD_MATCH = YES;
				COPY_PHASE_STRIP = NO;
				DEBUG_INFORMATION_FORMAT = "dwarf-with-dsym";
				DEVELOPMENT_TEAM = GUL3CPS6RX;
				ENABLE_NS_ASSERTIONS = NO;
				ENABLE_STRICT_OBJC_MSGSEND = YES;
				GCC_C_LANGUAGE_STANDARD = gnu11;
				GCC_NO_COMMON_BLOCKS = YES;
				GCC_WARN_64_TO_32_BIT_CONVERSION = YES;
				GCC_WARN_ABOUT_RETURN_TYPE = YES_ERROR;
				GCC_WARN_UNDECLARED_SELECTOR = YES;
				GCC_WARN_UNINITIALIZED_AUTOS = YES_AGGRESSIVE;
				GCC_WARN_UNUSED_FUNCTION = YES;
				GCC_WARN_UNUSED_VARIABLE = YES;
				IPHONEOS_DEPLOYMENT_TARGET = 13.5;
				MTL_ENABLE_DEBUG_INFO = NO;
				MTL_FAST_MATH = YES;
				SDKROOT = iphoneos;
				SWIFT_COMPILATION_MODE = wholemodule;
				SWIFT_OPTIMIZATION_LEVEL = "-O";
				VALIDATE_PRODUCT = YES;
			};
			name = Release;
		};
		399144E62495A6FD006AB959 /* Debug */ = {
			isa = XCBuildConfiguration;
			baseConfigurationReference = 616F0863302B0D9B4FACCC49 /* Pods-AppHackathon.debug.xcconfig */;
			buildSettings = {
				ASSETCATALOG_COMPILER_APPICON_NAME = AppIcon;
				CODE_SIGN_IDENTITY = "Apple Development";
				CODE_SIGN_STYLE = Automatic;
				DEVELOPMENT_TEAM = CM34PRAQJX;
				INFOPLIST_FILE = AppHackathon/Info.plist;
				IPHONEOS_DEPLOYMENT_TARGET = 13.5;
				LD_RUNPATH_SEARCH_PATHS = (
					"$(inherited)",
					"@executable_path/Frameworks",
				);
				PRODUCT_BUNDLE_IDENTIFIER = br.com.time155.AppHackathon;
				PRODUCT_NAME = "$(TARGET_NAME)";
				PROVISIONING_PROFILE_SPECIFIER = "";
				SWIFT_VERSION = 5.0;
				TARGETED_DEVICE_FAMILY = 1;
			};
			name = Debug;
		};
		399144E72495A6FD006AB959 /* Release */ = {
			isa = XCBuildConfiguration;
			baseConfigurationReference = E71DC49DC56DB813475204C7 /* Pods-AppHackathon.release.xcconfig */;
			buildSettings = {
				ASSETCATALOG_COMPILER_APPICON_NAME = AppIcon;
				CODE_SIGN_IDENTITY = "Apple Development";
				CODE_SIGN_STYLE = Automatic;
				DEVELOPMENT_TEAM = CM34PRAQJX;
				INFOPLIST_FILE = AppHackathon/Info.plist;
				IPHONEOS_DEPLOYMENT_TARGET = 13.5;
				LD_RUNPATH_SEARCH_PATHS = (
					"$(inherited)",
					"@executable_path/Frameworks",
				);
				PRODUCT_BUNDLE_IDENTIFIER = br.com.time155.AppHackathon;
				PRODUCT_NAME = "$(TARGET_NAME)";
				PROVISIONING_PROFILE_SPECIFIER = "";
				SWIFT_VERSION = 5.0;
				TARGETED_DEVICE_FAMILY = 1;
			};
			name = Release;
		};
/* End XCBuildConfiguration section */

/* Begin XCConfigurationList section */
		399144CC2495A6FC006AB959 /* Build configuration list for PBXProject "AppHackathon" */ = {
			isa = XCConfigurationList;
			buildConfigurations = (
				399144E32495A6FD006AB959 /* Debug */,
				399144E42495A6FD006AB959 /* Release */,
			);
			defaultConfigurationIsVisible = 0;
			defaultConfigurationName = Release;
		};
		399144E52495A6FD006AB959 /* Build configuration list for PBXNativeTarget "AppHackathon" */ = {
			isa = XCConfigurationList;
			buildConfigurations = (
				399144E62495A6FD006AB959 /* Debug */,
				399144E72495A6FD006AB959 /* Release */,
			);
			defaultConfigurationIsVisible = 0;
			defaultConfigurationName = Release;
		};
/* End XCConfigurationList section */
	};
	rootObject = 399144C92495A6FC006AB959 /* Project object */;
}
